{
  "version": 4,
  "terraform_version": "1.11.2",
  "serial": 15,
  "lineage": "e26f31f3-e332-9734-3822-6a4ffefcffd3",
  "outputs": {
    "aws_vpn_gateway_public_ip": {
      "value": "vgw-0b4fd36b79cd49dc2",
      "type": "string"
    },
    "azure_vpn_gateway_public_ip": {
      "value": "52.224.238.32",
      "type": "string"
    }
  },
  "resources": [
    {
      "mode": "managed",
      "type": "aws_subnet",
      "name": "aws_subnet",
      "provider": "provider[\"registry.terraform.io/hashicorp/aws\"]",
      "instances": [
        {
          "schema_version": 1,
          "attributes": {
            "arn": "arn:aws:ec2:us-east-1:396913715416:subnet/subnet-0c3a8cec22d49908d",
            "assign_ipv6_address_on_creation": false,
            "availability_zone": "us-east-1a",
            "availability_zone_id": "use1-az6",
            "cidr_block": "10.10.1.0/24",
            "customer_owned_ipv4_pool": "",
            "enable_dns64": false,
            "enable_lni_at_device_index": 0,
            "enable_resource_name_dns_a_record_on_launch": false,
            "enable_resource_name_dns_aaaa_record_on_launch": false,
            "id": "subnet-0c3a8cec22d49908d",
            "ipv6_cidr_block": "",
            "ipv6_cidr_block_association_id": "",
            "ipv6_native": false,
            "map_customer_owned_ip_on_launch": false,
            "map_public_ip_on_launch": true,
            "outpost_arn": "",
            "owner_id": "396913715416",
            "private_dns_hostname_type_on_launch": "ip-name",
            "tags": {
              "Name": "AWS-Subnet"
            },
            "tags_all": {
              "Name": "AWS-Subnet"
            },
            "timeouts": null,
            "vpc_id": "vpc-09d76c00e5290add5"
          },
          "sensitive_attributes": [],
          "private": "eyJlMmJmYjczMC1lY2FhLTExZTYtOGY4OC0zNDM2M2JjN2M0YzAiOnsiY3JlYXRlIjo2MDAwMDAwMDAwMDAsImRlbGV0ZSI6MTIwMDAwMDAwMDAwMH0sInNjaGVtYV92ZXJzaW9uIjoiMSJ9",
          "dependencies": [
            "aws_vpc.aws_vpc"
          ]
        }
      ]
    },
    {
      "mode": "managed",
      "type": "aws_vpc",
      "name": "aws_vpc",
      "provider": "provider[\"registry.terraform.io/hashicorp/aws\"]",
      "instances": [
        {
          "schema_version": 1,
          "attributes": {
            "arn": "arn:aws:ec2:us-east-1:396913715416:vpc/vpc-09d76c00e5290add5",
            "assign_generated_ipv6_cidr_block": false,
            "cidr_block": "10.10.0.0/16",
            "default_network_acl_id": "acl-04cd37ef44664d874",
            "default_route_table_id": "rtb-0a9c58ccbba2c25c4",
            "default_security_group_id": "sg-072cd6467b39beab9",
            "dhcp_options_id": "dopt-0a0564087c4744dab",
            "enable_dns_hostnames": true,
            "enable_dns_support": true,
            "enable_network_address_usage_metrics": false,
            "id": "vpc-09d76c00e5290add5",
            "instance_tenancy": "default",
            "ipv4_ipam_pool_id": null,
            "ipv4_netmask_length": null,
            "ipv6_association_id": "",
            "ipv6_cidr_block": "",
            "ipv6_cidr_block_network_border_group": "",
            "ipv6_ipam_pool_id": "",
            "ipv6_netmask_length": 0,
            "main_route_table_id": "rtb-0a9c58ccbba2c25c4",
            "owner_id": "396913715416",
            "tags": {
              "Name": "AWS-VPC"
            },
            "tags_all": {
              "Name": "AWS-VPC"
            }
          },
          "sensitive_attributes": [],
          "private": "eyJzY2hlbWFfdmVyc2lvbiI6IjEifQ=="
        }
      ]
    },
    {
      "mode": "managed",
      "type": "aws_vpn_gateway",
      "name": "aws_vgw",
      "provider": "provider[\"registry.terraform.io/hashicorp/aws\"]",
      "instances": [
        {
          "schema_version": 0,
          "attributes": {
            "amazon_side_asn": "64512",
            "arn": "arn:aws:ec2:us-east-1:396913715416:vpn-gateway/vgw-0b4fd36b79cd49dc2",
            "availability_zone": null,
            "id": "vgw-0b4fd36b79cd49dc2",
            "tags": {
              "Name": "AWS-VPN-Gateway"
            },
            "tags_all": {
              "Name": "AWS-VPN-Gateway"
            },
            "vpc_id": "vpc-09d76c00e5290add5"
          },
          "sensitive_attributes": [],
          "private": "bnVsbA==",
          "dependencies": [
            "aws_vpc.aws_vpc"
          ]
        }
      ]
    },
    {
      "mode": "managed",
      "type": "azurerm_public_ip",
      "name": "azure_vpn_ip",
      "provider": "provider[\"registry.terraform.io/hashicorp/azurerm\"]",
      "instances": [
        {
          "schema_version": 0,
          "attributes": {
            "allocation_method": "Static",
            "ddos_protection_mode": "VirtualNetworkInherited",
            "ddos_protection_plan_id": null,
            "domain_name_label": null,
            "domain_name_label_scope": null,
            "edge_zone": "",
            "fqdn": null,
            "id": "/subscriptions/137fc92b-7c80-438c-9fdd-2ed3c63f6a2b/resourceGroups/HybridCloudRG/providers/Microsoft.Network/publicIPAddresses/Azure-VPN-IP",
            "idle_timeout_in_minutes": 4,
            "ip_address": "52.224.238.32",
            "ip_tags": {},
            "ip_version": "IPv4",
            "location": "eastus",
            "name": "Azure-VPN-IP",
            "public_ip_prefix_id": null,
            "resource_group_name": "HybridCloudRG",
            "reverse_fqdn": null,
            "sku": "Standard",
            "sku_tier": "Regional",
            "tags": {},
            "timeouts": null,
            "zones": []
          },
          "sensitive_attributes": [],
          "private": "eyJlMmJmYjczMC1lY2FhLTExZTYtOGY4OC0zNDM2M2JjN2M0YzAiOnsiY3JlYXRlIjoxODAwMDAwMDAwMDAwLCJkZWxldGUiOjE4MDAwMDAwMDAwMDAsInJlYWQiOjMwMDAwMDAwMDAwMCwidXBkYXRlIjoxODAwMDAwMDAwMDAwfX0="
        }
      ]
    },
    {
      "mode": "managed",
      "type": "azurerm_subnet",
      "name": "gateway_subnet",
      "provider": "provider[\"registry.terraform.io/hashicorp/azurerm\"]",
      "instances": [
        {
          "schema_version": 0,
          "attributes": {
            "address_prefixes": [
              "10.20.1.0/24"
            ],
            "default_outbound_access_enabled": true,
            "delegation": [],
            "id": "/subscriptions/137fc92b-7c80-438c-9fdd-2ed3c63f6a2b/resourceGroups/HybridCloudRG/providers/Microsoft.Network/virtualNetworks/Azure-VNet/subnets/GatewaySubnet",
            "name": "GatewaySubnet",
            "private_endpoint_network_policies": "Disabled",
            "private_link_service_network_policies_enabled": true,
            "resource_group_name": "HybridCloudRG",
            "service_endpoint_policy_ids": [],
            "service_endpoints": [],
            "timeouts": null,
            "virtual_network_name": "Azure-VNet"
          },
          "sensitive_attributes": [],
          "private": "eyJlMmJmYjczMC1lY2FhLTExZTYtOGY4OC0zNDM2M2JjN2M0YzAiOnsiY3JlYXRlIjoxODAwMDAwMDAwMDAwLCJkZWxldGUiOjE4MDAwMDAwMDAwMDAsInJlYWQiOjMwMDAwMDAwMDAwMCwidXBkYXRlIjoxODAwMDAwMDAwMDAwfX0=",
          "dependencies": [
            "azurerm_virtual_network.azure_vnet"
          ]
        }
      ]
    },
    {
      "mode": "managed",
      "type": "azurerm_virtual_network",
      "name": "azure_vnet",
      "provider": "provider[\"registry.terraform.io/hashicorp/azurerm\"]",
      "instances": [
        {
          "schema_version": 0,
          "attributes": {
            "address_space": [
              "10.20.0.0/16"
            ],
            "bgp_community": "",
            "ddos_protection_plan": [],
            "dns_servers": [],
            "edge_zone": "",
            "encryption": [],
            "flow_timeout_in_minutes": 0,
            "guid": "cf74008a-862f-471b-a1a9-033c44fe7f00",
            "id": "/subscriptions/137fc92b-7c80-438c-9fdd-2ed3c63f6a2b/resourceGroups/HybridCloudRG/providers/Microsoft.Network/virtualNetworks/Azure-VNet",
            "location": "eastus",
            "name": "Azure-VNet",
            "private_endpoint_vnet_policies": "Disabled",
            "resource_group_name": "HybridCloudRG",
            "subnet": [
              {
                "address_prefixes": [
                  "10.20.1.0/24"
                ],
                "default_outbound_access_enabled": true,
                "delegation": [],
                "id": "/subscriptions/137fc92b-7c80-438c-9fdd-2ed3c63f6a2b/resourceGroups/HybridCloudRG/providers/Microsoft.Network/virtualNetworks/Azure-VNet/subnets/GatewaySubnet",
                "name": "GatewaySubnet",
                "private_endpoint_network_policies": "Disabled",
                "private_link_service_network_policies_enabled": true,
                "route_table_id": "",
                "security_group": "",
                "service_endpoint_policy_ids": [],
                "service_endpoints": []
              }
            ],
            "tags": {
              "environment": "Production"
            },
            "timeouts": null
          },
          "sensitive_attributes": [],
          "private": "eyJlMmJmYjczMC1lY2FhLTExZTYtOGY4OC0zNDM2M2JjN2M0YzAiOnsiY3JlYXRlIjoxODAwMDAwMDAwMDAwLCJkZWxldGUiOjE4MDAwMDAwMDAwMDAsInJlYWQiOjMwMDAwMDAwMDAwMCwidXBkYXRlIjoxODAwMDAwMDAwMDAwfX0="
        }
      ]
    },
    {
      "mode": "managed",
      "type": "azurerm_virtual_network_gateway",
      "name": "azure_vpn_gateway",
      "provider": "provider[\"registry.terraform.io/hashicorp/azurerm\"]",
      "instances": [
        {
          "schema_version": 0,
          "attributes": {
            "active_active": false,
            "bgp_route_translation_for_nat_enabled": false,
            "bgp_settings": [
              {
                "asn": 65515,
                "peer_weight": 0,
                "peering_addresses": [
                  {
                    "apipa_addresses": [],
                    "default_addresses": [
                      "10.20.1.254"
                    ],
                    "ip_configuration_name": "vpnGatewayIpConfig",
                    "tunnel_ip_addresses": [
                      "52.224.238.32"
                    ]
                  }
                ]
              }
            ],
            "custom_route": [],
            "default_local_network_gateway_id": null,
            "dns_forwarding_enabled": false,
            "edge_zone": "",
            "enable_bgp": false,
            "generation": "Generation1",
            "id": "/subscriptions/137fc92b-7c80-438c-9fdd-2ed3c63f6a2b/resourceGroups/HybridCloudRG/providers/Microsoft.Network/virtualNetworkGateways/Azure-VPN-Gateway",
            "ip_configuration": [
              {
                "name": "vpnGatewayIpConfig",
                "private_ip_address_allocation": "Dynamic",
                "public_ip_address_id": "/subscriptions/137fc92b-7c80-438c-9fdd-2ed3c63f6a2b/resourceGroups/HybridCloudRG/providers/Microsoft.Network/publicIPAddresses/Azure-VPN-IP",
                "subnet_id": "/subscriptions/137fc92b-7c80-438c-9fdd-2ed3c63f6a2b/resourceGroups/HybridCloudRG/providers/Microsoft.Network/virtualNetworks/Azure-VNet/subnets/GatewaySubnet"
              }
            ],
            "ip_sec_replay_protection_enabled": true,
            "location": "eastus",
            "name": "Azure-VPN-Gateway",
            "policy_group": [],
            "private_ip_address_enabled": false,
            "remote_vnet_traffic_enabled": false,
            "resource_group_name": "HybridCloudRG",
            "sku": "VpnGw2",
            "tags": {},
            "timeouts": null,
            "type": "Vpn",
            "virtual_wan_traffic_enabled": false,
            "vpn_client_configuration": [],
            "vpn_type": "RouteBased"
          },
          "sensitive_attributes": [],
          "private": "eyJlMmJmYjczMC1lY2FhLTExZTYtOGY4OC0zNDM2M2JjN2M0YzAiOnsiY3JlYXRlIjo1NDAwMDAwMDAwMDAwLCJkZWxldGUiOjM2MDAwMDAwMDAwMDAsInJlYWQiOjMwMDAwMDAwMDAwMCwidXBkYXRlIjozNjAwMDAwMDAwMDAwfX0=",
          "dependencies": [
            "azurerm_public_ip.azure_vpn_ip",
            "azurerm_subnet.gateway_subnet",
            "azurerm_virtual_network.azure_vnet"
          ]
        }
      ]
    }
  ],
  "check_results": null
}
